
Microsoft Visual Studio Solution File, Format Version 12.00
# Visual Studio Version 17
VisualStudioVersion = 17.4.33205.214
MinimumVisualStudioVersion = 10.0.40219.1
Project("{FAE04EC0-301F-11D3-BF4B-00C04F79EFBC}") = "While", "While\While.csproj", "{8BDF91D4-985F-498B-A9E6-2ED60A996F45}"
EndProject
Project("{FAE04EC0-301F-11D3-BF4B-00C04F79EFBC}") = "cartesiano", "cartesiano\cartesiano.csproj", "{D42DB4D4-1297-4732-A9C8-E5CEBC13FF77}"
EndProject
Project("{FAE04EC0-301F-11D3-BF4B-00C04F79EFBC}") = "postoDeCombustivel", "postoDeCombustivel\postoDeCombustivel.csproj", "{FBC52AC8-8A4F-4410-8F96-D47EE303EE9F}"
EndProject
Global
	GlobalSection(SolutionConfigurationPlatforms) = preSolution
		Debug|Any CPU = Debug|Any CPU
		Release|Any CPU = Release|Any CPU
	EndGlobalSection
	GlobalSection(ProjectConfigurationPlatforms) = postSolution
		{8BDF91D4-985F-498B-A9E6-2ED60A996F45}.Debug|Any CPU.ActiveCfg = Debug|Any CPU
		{8BDF91D4-985F-498B-A9E6-2ED60A996F45}.Debug|Any CPU.Build.0 = Debug|Any CPU
		{8BDF91D4-985F-498B-A9E6-2ED60A996F45}.Release|Any CPU.ActiveCfg = Release|Any CPU
		{8BDF91D4-985F-498B-A9E6-2ED60A996F45}.Release|Any CPU.Build.0 = Release|Any CPU
		{D42DB4D4-1297-4732-A9C8-E5CEBC13FF77}.Debug|Any CPU.ActiveCfg = Debug|Any CPU
		{D42DB4D4-1297-4732-A9C8-E5CEBC13FF77}.Debug|Any CPU.Build.0 = Debug|Any CPU
		{D42DB4D4-1297-4732-A9C8-E5CEBC13FF77}.Release|Any CPU.ActiveCfg = Release|Any CPU
		{D42DB4D4-1297-4732-A9C8-E5CEBC13FF77}.Release|Any CPU.Build.0 = Release|Any CPU
		{FBC52AC8-8A4F-4410-8F96-D47EE303EE9F}.Debug|Any CPU.ActiveCfg = Debug|Any CPU
		{FBC52AC8-8A4F-4410-8F96-D47EE303EE9F}.Debug|Any CPU.Build.0 = Debug|Any CPU
		{FBC52AC8-8A4F-4410-8F96-D47EE303EE9F}.Release|Any CPU.ActiveCfg = Release|Any CPU
		{FBC52AC8-8A4F-4410-8F96-D47EE303EE9F}.Release|Any CPU.Build.0 = Release|Any CPU
	EndGlobalSection
	GlobalSection(SolutionProperties) = preSolution
		HideSolutionNode = FALSE
	EndGlobalSection
	GlobalSection(ExtensibilityGlobals) = postSolution
		SolutionGuid = {433B8C27-1B34-417F-88CB-6DF9FEF23D0E}
	EndGlobalSection
EndGlobal
